
Microsoft Visual Studio Solution File, Format Version 12.00
# Visual Studio Version 17
VisualStudioVersion = 17.0.31903.59
MinimumVisualStudioVersion = 10.0.40219.1
Project("{2150E333-8FDC-42A3-9474-1A3956D46DE8}") = "src", "src", "{7F3F2563-AABD-4432-9BD1-BCE583A2967C}"
EndProject
Project("{FAE04EC0-301F-11D3-BF4B-00C04F79EFBC}") = "main", "src\main\main.csproj", "{7116105A-DAB1-43B9-9A61-3CD65698B297}"
EndProject
Project("{FAE04EC0-301F-11D3-BF4B-00C04F79EFBC}") = "test", "src\test\test.csproj", "{5C4483D4-C1C7-47EA-96B5-4348175A4253}"
EndProject
Global
	GlobalSection(SolutionConfigurationPlatforms) = preSolution
		Debug|Any CPU = Debug|Any CPU
		Release|Any CPU = Release|Any CPU
	EndGlobalSection
	GlobalSection(SolutionProperties) = preSolution
		HideSolutionNode = FALSE
	EndGlobalSection
	GlobalSection(ProjectConfigurationPlatforms) = postSolution
		{7116105A-DAB1-43B9-9A61-3CD65698B297}.Debug|Any CPU.ActiveCfg = Debug|Any CPU
		{7116105A-DAB1-43B9-9A61-3CD65698B297}.Debug|Any CPU.Build.0 = Debug|Any CPU
		{7116105A-DAB1-43B9-9A61-3CD65698B297}.Release|Any CPU.ActiveCfg = Release|Any CPU
		{7116105A-DAB1-43B9-9A61-3CD65698B297}.Release|Any CPU.Build.0 = Release|Any CPU
		{5C4483D4-C1C7-47EA-96B5-4348175A4253}.Debug|Any CPU.ActiveCfg = Debug|Any CPU
		{5C4483D4-C1C7-47EA-96B5-4348175A4253}.Debug|Any CPU.Build.0 = Debug|Any CPU
		{5C4483D4-C1C7-47EA-96B5-4348175A4253}.Release|Any CPU.ActiveCfg = Release|Any CPU
		{5C4483D4-C1C7-47EA-96B5-4348175A4253}.Release|Any CPU.Build.0 = Release|Any CPU
	EndGlobalSection
	GlobalSection(NestedProjects) = preSolution
		{7116105A-DAB1-43B9-9A61-3CD65698B297} = {7F3F2563-AABD-4432-9BD1-BCE583A2967C}
		{5C4483D4-C1C7-47EA-96B5-4348175A4253} = {7F3F2563-AABD-4432-9BD1-BCE583A2967C}
	EndGlobalSection
EndGlobal
